PODS:
  - react-native-atlas-location (0.1.0)

DEPENDENCIES:
  - react-native-atlas-location (from `../../../`)

EXTERNAL SOURCES:
  react-native-atlas-location:
    :path: "../../../"

SPEC CHECKSUMS:
  react-native-atlas-location: 1487a7c49b72bd5e240dd0b5815f3fd476c72e75

PODFILE CHECKSUM: b8fee2294f2e66b836819416497aab4f4467509e

COCOAPODS: 1.2.0
