PODS:
  - React (0.48.4):
    - React/Core (= 0.48.4)
  - react-native-atlas-location (0.1.1):
    - React
  - React/BatchedBridge (0.48.4):
    - React/Core
    - React/cxxreact_legacy
  - React/Core (0.48.4):
    - Yoga (= 0.48.4.React)
  - React/cxxreact_legacy (0.48.4):
    - React/jschelpers_legacy
  - React/DevSupport (0.48.4):
    - React/Core
    - React/RCTWebSocket
  - React/jschelpers_legacy (0.48.4)
  - React/RCTBlob (0.48.4):
    - React/Core
  - React/RCTLinkingIOS (0.48.4):
    - React/Core
  - React/RCTWebSocket (0.48.4):
    - React/Core
    - React/RCTBlob
  - Yoga (0.48.4.React)

DEPENDENCIES:
  - react-native-atlas-location (from `../../`)
  - React/BatchedBridge (from `../node_modules/react-native`)
  - React/Core (from `../node_modules/react-native`)
  - React/DevSupport (from `../node_modules/react-native`)
  - React/RCTLinkingIOS (from `../node_modules/react-native`)
  - Yoga (from `../node_modules/react-native/ReactCommon/yoga`)

EXTERNAL SOURCES:
  React:
    :path: "../node_modules/react-native"
  react-native-atlas-location:
    :path: "../../"
  Yoga:
    :path: "../node_modules/react-native/ReactCommon/yoga"

SPEC CHECKSUMS:
  React: 6d68659481a8a56e0f6b3dbecd984d5b9bb2d6c5
  react-native-atlas-location: 002499408ffb219a0cdf5140068e203cd08eff94
  Yoga: ccefa1454b2e9825dce3b2df98088b7f0e3c2675

PODFILE CHECKSUM: 8da823e810a70613dd28274c9f04752859b25f07

COCOAPODS: 1.2.0
